
Microsoft Visual Studio Solution File, Format Version 12.00
# Visual Studio 2013
VisualStudioVersion = 12.0.31101.0
MinimumVisualStudioVersion = 10.0.40219.1
Project("{AA631830-3AD7-4631-8CF6-443A09BF983B}") = "HV_Z_PurchCubeHVP_VS", "HV_Z_PurchCubeHVP_VS\HV_Z_PurchCubeHVP_VS.dynamicsproj", "{32D530F6-ED33-43F9-85C2-92D8C97D8BEB}"
EndProject
Global
	GlobalSection(SolutionConfigurationPlatforms) = preSolution
		Debug|Any CPU = Debug|Any CPU
		Release|Any CPU = Release|Any CPU
	EndGlobalSection
	GlobalSection(ProjectConfigurationPlatforms) = postSolution
		{32D530F6-ED33-43F9-85C2-92D8C97D8BEB}.Debug|Any CPU.ActiveCfg = Debug|Any CPU
		{32D530F6-ED33-43F9-85C2-92D8C97D8BEB}.Debug|Any CPU.Build.0 = Debug|Any CPU
		{32D530F6-ED33-43F9-85C2-92D8C97D8BEB}.Debug|Any CPU.Deploy.0 = Debug|Any CPU
		{32D530F6-ED33-43F9-85C2-92D8C97D8BEB}.Release|Any CPU.ActiveCfg = Release|Any CPU
		{32D530F6-ED33-43F9-85C2-92D8C97D8BEB}.Release|Any CPU.Build.0 = Release|Any CPU
		{32D530F6-ED33-43F9-85C2-92D8C97D8BEB}.Release|Any CPU.Deploy.0 = Release|Any CPU
	EndGlobalSection
	GlobalSection(SolutionProperties) = preSolution
		HideSolutionNode = FALSE
	EndGlobalSection
EndGlobal
